
Microsoft Visual Studio Solution File, Format Version 12.00
# Visual Studio 15
VisualStudioVersion = 15.0.27703.2026
MinimumVisualStudioVersion = 10.0.40219.1
Project("{9A19103F-16F7-4668-BE54-9A1E7A4F7556}") = "CostTracking", "CostTracking\CostTracking.csproj", "{A324E194-7598-415E-AD3B-59B66A42612F}"
EndProject
Project("{9A19103F-16F7-4668-BE54-9A1E7A4F7556}") = "CostTracking.Domain", "CostTracking.Domain\CostTracking.Domain.csproj", "{E5150738-6673-4011-ADFC-0E8BB0A6F5AF}"
EndProject
Project("{9A19103F-16F7-4668-BE54-9A1E7A4F7556}") = "CostTracking.Tests", "CostTracking.Tests\CostTracking.Tests.csproj", "{46C1E016-BDDD-4911-B942-8B69462765A1}"
EndProject
Project("{FAE04EC0-301F-11D3-BF4B-00C04F79EFBC}") = "CostTracking.Domain.ContractLabor", "CostTracking.Domain.ContractLabor\CostTracking.Domain.ContractLabor.csproj", "{6104FF3D-97DE-49C4-9CF3-97E39C47CA1E}"
EndProject
Global
	GlobalSection(SolutionConfigurationPlatforms) = preSolution
		Debug|Any CPU = Debug|Any CPU
		Release|Any CPU = Release|Any CPU
	EndGlobalSection
	GlobalSection(ProjectConfigurationPlatforms) = postSolution
		{A324E194-7598-415E-AD3B-59B66A42612F}.Debug|Any CPU.ActiveCfg = Debug|Any CPU
		{A324E194-7598-415E-AD3B-59B66A42612F}.Debug|Any CPU.Build.0 = Debug|Any CPU
		{A324E194-7598-415E-AD3B-59B66A42612F}.Release|Any CPU.ActiveCfg = Release|Any CPU
		{A324E194-7598-415E-AD3B-59B66A42612F}.Release|Any CPU.Build.0 = Release|Any CPU
		{E5150738-6673-4011-ADFC-0E8BB0A6F5AF}.Debug|Any CPU.ActiveCfg = Debug|Any CPU
		{E5150738-6673-4011-ADFC-0E8BB0A6F5AF}.Debug|Any CPU.Build.0 = Debug|Any CPU
		{E5150738-6673-4011-ADFC-0E8BB0A6F5AF}.Release|Any CPU.ActiveCfg = Release|Any CPU
		{E5150738-6673-4011-ADFC-0E8BB0A6F5AF}.Release|Any CPU.Build.0 = Release|Any CPU
		{46C1E016-BDDD-4911-B942-8B69462765A1}.Debug|Any CPU.ActiveCfg = Debug|Any CPU
		{46C1E016-BDDD-4911-B942-8B69462765A1}.Debug|Any CPU.Build.0 = Debug|Any CPU
		{46C1E016-BDDD-4911-B942-8B69462765A1}.Release|Any CPU.ActiveCfg = Release|Any CPU
		{46C1E016-BDDD-4911-B942-8B69462765A1}.Release|Any CPU.Build.0 = Release|Any CPU
		{6104FF3D-97DE-49C4-9CF3-97E39C47CA1E}.Debug|Any CPU.ActiveCfg = Debug|Any CPU
		{6104FF3D-97DE-49C4-9CF3-97E39C47CA1E}.Debug|Any CPU.Build.0 = Debug|Any CPU
		{6104FF3D-97DE-49C4-9CF3-97E39C47CA1E}.Release|Any CPU.ActiveCfg = Release|Any CPU
		{6104FF3D-97DE-49C4-9CF3-97E39C47CA1E}.Release|Any CPU.Build.0 = Release|Any CPU
	EndGlobalSection
	GlobalSection(SolutionProperties) = preSolution
		HideSolutionNode = FALSE
	EndGlobalSection
	GlobalSection(ExtensibilityGlobals) = postSolution
		SolutionGuid = {4FC9B068-0BD5-4D52-8078-62CD46EB7A45}
	EndGlobalSection
EndGlobal
